<?xml version="1.0" encoding="utf-8"?>
<Project ToolsVersion="4.0" xmlns="http://schemas.microsoft.com/developer/msbuild/2003">
  <ItemGroup>
    <Filter Include="소스 파일">
      <UniqueIdentifier>{4FC737F1-C7A5-4376-A066-2A32D752A2FF}</UniqueIdentifier>
      <Extensions>cpp;c;cc;cxx;def;odl;idl;hpj;bat;asm;asmx</Extensions>
    </Filter>
    <Filter Include="헤더 파일">
      <UniqueIdentifier>{93995380-89BD-4b04-88EB-625FBE52EBFB}</UniqueIdentifier>
      <Extensions>h;hh;hpp;hxx;hm;inl;inc;ipp;xsd</Extensions>
    </Filter>
    <Filter Include="리소스 파일">
      <UniqueIdentifier>{67DA6AB6-F800-4c08-8B7A-83BB121AAD01}</UniqueIdentifier>
      <Extensions>rc;ico;cur;bmp;dlg;rc2;rct;bin;rgs;gif;jpg;jpeg;jpe;resx;tiff;tif;png;wav;mfcribbon-ms</Extensions>
    </Filter>
    <Filter Include="01.Core">
      <UniqueIdentifier>{3cbce58c-ac51-4418-ab56-85447b12d731}</UniqueIdentifier>
    </Filter>
    <Filter Include="02.Scene">
      <UniqueIdentifier>{9e1f74e9-1bc1-4235-b33f-c097b9bb24af}</UniqueIdentifier>
    </Filter>
    <Filter Include="01.Core\01.Timer">
      <UniqueIdentifier>{5388ee1c-b9fa-40f4-abfa-a121c20f8790}</UniqueIdentifier>
    </Filter>
    <Filter Include="02.Scene\01.Layer">
      <UniqueIdentifier>{27198c08-e381-4c52-ab91-200ee7a2df6f}</UniqueIdentifier>
    </Filter>
    <Filter Include="03.Object">
      <UniqueIdentifier>{6cfeb3b8-3756-4086-bf9d-7fa81cfa57e9}</UniqueIdentifier>
    </Filter>
    <Filter Include="03.Object\01.MoveObj">
      <UniqueIdentifier>{d444553a-e0b6-4fbb-9d74-064d3c63afe7}</UniqueIdentifier>
    </Filter>
    <Filter Include="03.Object\02.StaticObj">
      <UniqueIdentifier>{710ecce6-b118-4c8b-9ffa-3d5f184656d6}</UniqueIdentifier>
    </Filter>
    <Filter Include="03.Object\01.MoveObj\01.Player">
      <UniqueIdentifier>{0e912467-ab37-46e0-89da-c65836677acd}</UniqueIdentifier>
    </Filter>
    <Filter Include="03.Object\01.MoveObj\02.Monster">
      <UniqueIdentifier>{1774ec75-152a-4218-a824-e5ad46aa1bdb}</UniqueIdentifier>
    </Filter>
  </ItemGroup>
  <ItemGroup>
    <ClCompile Include="main.cpp">
      <Filter>소스 파일</Filter>
    </ClCompile>
    <ClCompile Include="Core.cpp">
      <Filter>01.Core</Filter>
    </ClCompile>
    <ClCompile Include="Scene\SceneManager.cpp">
      <Filter>02.Scene</Filter>
    </ClCompile>
    <ClCompile Include="Scene\Scene.cpp">
      <Filter>02.Scene</Filter>
    </ClCompile>
    <ClCompile Include="Scene\InGameScene.cpp">
      <Filter>02.Scene</Filter>
    </ClCompile>
    <ClCompile Include="Core\Timer.cpp">
      <Filter>01.Core\01.Timer</Filter>
    </ClCompile>
    <ClCompile Include="Scene\Layer.cpp">
      <Filter>02.Scene\01.Layer</Filter>
    </ClCompile>
    <ClCompile Include="Object\Obj.cpp">
      <Filter>03.Object</Filter>
    </ClCompile>
    <ClCompile Include="Ref.cpp">
      <Filter>01.Core</Filter>
    </ClCompile>
    <ClCompile Include="Object\MoveObj.cpp">
      <Filter>03.Object\01.MoveObj</Filter>
    </ClCompile>
    <ClCompile Include="Object\StaticObj.cpp">
      <Filter>03.Object\02.StaticObj</Filter>
    </ClCompile>
    <ClCompile Include="Object\Player.cpp">
      <Filter>03.Object\01.MoveObj\01.Player</Filter>
    </ClCompile>
    <ClCompile Include="Object\Minion.cpp">
      <Filter>03.Object\01.MoveObj\02.Monster</Filter>
    </ClCompile>
  </ItemGroup>
  <ItemGroup>
    <ClInclude Include="Game.h">
      <Filter>헤더 파일</Filter>
    </ClInclude>
    <ClInclude Include="Macro.h">
      <Filter>헤더 파일</Filter>
    </ClInclude>
    <ClInclude Include="resource.h">
      <Filter>헤더 파일</Filter>
    </ClInclude>
    <ClInclude Include="Types.h">
      <Filter>헤더 파일</Filter>
    </ClInclude>
    <ClInclude Include="Core.h">
      <Filter>01.Core</Filter>
    </ClInclude>
    <ClInclude Include="Scene\SceneManager.h">
      <Filter>02.Scene</Filter>
    </ClInclude>
    <ClInclude Include="Scene\Scene.h">
      <Filter>02.Scene</Filter>
    </ClInclude>
    <ClInclude Include="Scene\InGameScene.h">
      <Filter>02.Scene</Filter>
    </ClInclude>
    <ClInclude Include="Flag.h">
      <Filter>헤더 파일</Filter>
    </ClInclude>
    <ClInclude Include="Core\Timer.h">
      <Filter>01.Core\01.Timer</Filter>
    </ClInclude>
    <ClInclude Include="Scene\Layer.h">
      <Filter>02.Scene\01.Layer</Filter>
    </ClInclude>
    <ClInclude Include="Object\Obj.h">
      <Filter>03.Object</Filter>
    </ClInclude>
    <ClInclude Include="Ref.h">
      <Filter>01.Core</Filter>
    </ClInclude>
    <ClInclude Include="Object\MoveObj.h">
      <Filter>03.Object\01.MoveObj</Filter>
    </ClInclude>
    <ClInclude Include="Object\StaticObj.h">
      <Filter>03.Object\02.StaticObj</Filter>
    </ClInclude>
    <ClInclude Include="Object\Player.h">
      <Filter>03.Object\01.MoveObj\01.Player</Filter>
    </ClInclude>
    <ClInclude Include="Object\Minion.h">
      <Filter>03.Object\01.MoveObj\02.Monster</Filter>
    </ClInclude>
  </ItemGroup>
  <ItemGroup>
    <ResourceCompile Include="Project1.rc">
      <Filter>리소스 파일</Filter>
    </ResourceCompile>
  </ItemGroup>
  <ItemGroup>
    <Image Include="icon1.ico">
      <Filter>리소스 파일</Filter>
    </Image>
  </ItemGroup>
</Project>